
Microsoft Visual Studio Solution File, Format Version 12.00
# Visual Studio Version 17
VisualStudioVersion = 17.1.32407.343
MinimumVisualStudioVersion = 10.0.40219.1
Project("{9A19103F-16F7-4668-BE54-9A1E7A4F7556}") = "ConsoleApp", "ConsoleApp\ConsoleApp.csproj", "{A92B5F92-6117-41D5-BEA6-83532BB60470}"
EndProject
Project("{9A19103F-16F7-4668-BE54-9A1E7A4F7556}") = "Interpreter", "Interpreter\Interpreter.csproj", "{BE1454AE-9275-4877-AEF8-907D3DFB902D}"
EndProject
Global
	GlobalSection(SolutionConfigurationPlatforms) = preSolution
		Debug|Any CPU = Debug|Any CPU
		Release|Any CPU = Release|Any CPU
	EndGlobalSection
	GlobalSection(ProjectConfigurationPlatforms) = postSolution
		{A92B5F92-6117-41D5-BEA6-83532BB60470}.Debug|Any CPU.ActiveCfg = Debug|Any CPU
		{A92B5F92-6117-41D5-BEA6-83532BB60470}.Debug|Any CPU.Build.0 = Debug|Any CPU
		{A92B5F92-6117-41D5-BEA6-83532BB60470}.Release|Any CPU.ActiveCfg = Release|Any CPU
		{A92B5F92-6117-41D5-BEA6-83532BB60470}.Release|Any CPU.Build.0 = Release|Any CPU
		{BE1454AE-9275-4877-AEF8-907D3DFB902D}.Debug|Any CPU.ActiveCfg = Debug|Any CPU
		{BE1454AE-9275-4877-AEF8-907D3DFB902D}.Debug|Any CPU.Build.0 = Debug|Any CPU
		{BE1454AE-9275-4877-AEF8-907D3DFB902D}.Release|Any CPU.ActiveCfg = Release|Any CPU
		{BE1454AE-9275-4877-AEF8-907D3DFB902D}.Release|Any CPU.Build.0 = Release|Any CPU
	EndGlobalSection
	GlobalSection(SolutionProperties) = preSolution
		HideSolutionNode = FALSE
	EndGlobalSection
	GlobalSection(ExtensibilityGlobals) = postSolution
		SolutionGuid = {F676425B-BEBF-4830-8F7F-98614B855FD2}
	EndGlobalSection
EndGlobal
